// !$*UTF8*$!
{
	archiveVersion = 1;
	classes = {
	};
	objectVersion = 53;
	objects = {

/* Begin PBXBuildFile section */
		223B81A2293E0C1A00AB28D3 /* AppDelegate.swift in Sources */ = {isa = PBXBuildFile; fileRef = 223B81A1293E0C1A00AB28D3 /* AppDelegate.swift */; };
		223B81A4293E0C1A00AB28D3 /* SceneDelegate.swift in Sources */ = {isa = PBXBuildFile; fileRef = 223B81A3293E0C1A00AB28D3 /* SceneDelegate.swift */; };
		223B81A6293E0C1A00AB28D3 /* ViewController.swift in Sources */ = {isa = PBXBuildFile; fileRef = 223B81A5293E0C1A00AB28D3 /* ViewController.swift */; };
		223B81A9293E0C1A00AB28D3 /* Main.storyboard in Resources */ = {isa = PBXBuildFile; fileRef = 223B81A7293E0C1A00AB28D3 /* Main.storyboard */; };
		223B81AC293E0C1A00AB28D3 /* Agendatelefonica.xcdatamodeld in Sources */ = {isa = PBXBuildFile; fileRef = 223B81AA293E0C1A00AB28D3 /* Agendatelefonica.xcdatamodeld */; };
		223B81AE293E0C1C00AB28D3 /* Assets.xcassets in Resources */ = {isa = PBXBuildFile; fileRef = 223B81AD293E0C1C00AB28D3 /* Assets.xcassets */; };
		223B81B1293E0C1C00AB28D3 /* LaunchScreen.storyboard in Resources */ = {isa = PBXBuildFile; fileRef = 223B81AF293E0C1C00AB28D3 /* LaunchScreen.storyboard */; };
		223B81B9293E525300AB28D3 /* ListarContatoTableViewController.swift in Sources */ = {isa = PBXBuildFile; fileRef = 223B81B8293E525300AB28D3 /* ListarContatoTableViewController.swift */; };
/* End PBXBuildFile section */

/* Begin PBXFileReference section */
		223B819E293E0C1A00AB28D3 /* Agendatelefonica.app */ = {isa = PBXFileReference; explicitFileType = wrapper.application; includeInIndex = 0; path = Agendatelefonica.app; sourceTree = BUILT_PRODUCTS_DIR; };
		223B81A1293E0C1A00AB28D3 /* AppDelegate.swift */ = {isa = PBXFileReference; lastKnownFileType = sourcecode.swift; path = AppDelegate.swift; sourceTree = "<group>"; };
		223B81A3293E0C1A00AB28D3 /* SceneDelegate.swift */ = {isa = PBXFileReference; lastKnownFileType = sourcecode.swift; path = SceneDelegate.swift; sourceTree = "<group>"; };
		223B81A5293E0C1A00AB28D3 /* ViewController.swift */ = {isa = PBXFileReference; lastKnownFileType = sourcecode.swift; path = ViewController.swift; sourceTree = "<group>"; };
		223B81A8293E0C1A00AB28D3 /* Base */ = {isa = PBXFileReference; lastKnownFileType = file.storyboard; name = Base; path = Base.lproj/Main.storyboard; sourceTree = "<group>"; };
		223B81AB293E0C1A00AB28D3 /* Agendatelefonica.xcdatamodel */ = {isa = PBXFileReference; lastKnownFileType = wrapper.xcdatamodel; path = Agendatelefonica.xcdatamodel; sourceTree = "<group>"; };
		223B81AD293E0C1C00AB28D3 /* Assets.xcassets */ = {isa = PBXFileReference; lastKnownFileType = folder.assetcatalog; path = Assets.xcassets; sourceTree = "<group>"; };
		223B81B0293E0C1C00AB28D3 /* Base */ = {isa = PBXFileReference; lastKnownFileType = file.storyboard; name = Base; path = Base.lproj/LaunchScreen.storyboard; sourceTree = "<group>"; };
		223B81B2293E0C1C00AB28D3 /* Info.plist */ = {isa = PBXFileReference; lastKnownFileType = text.plist.xml; path = Info.plist; sourceTree = "<group>"; };
		223B81B8293E525300AB28D3 /* ListarContatoTableViewController.swift */ = {isa = PBXFileReference; lastKnownFileType = sourcecode.swift; path = ListarContatoTableViewController.swift; sourceTree = "<group>"; };
/* End PBXFileReference section */

/* Begin PBXFrameworksBuildPhase section */
		223B819B293E0C1A00AB28D3 /* Frameworks */ = {
			isa = PBXFrameworksBuildPhase;
			buildActionMask = 2147483647;
			files = (
			);
			runOnlyForDeploymentPostprocessing = 0;
		};
/* End PBXFrameworksBuildPhase section */

/* Begin PBXGroup section */
		223B8195293E0C1A00AB28D3 = {
			isa = PBXGroup;
			children = (
				223B81A0293E0C1A00AB28D3 /* Agendatelefonica */,
				223B819F293E0C1A00AB28D3 /* Products */,
			);
			sourceTree = "<group>";
		};
		223B819F293E0C1A00AB28D3 /* Products */ = {
			isa = PBXGroup;
			children = (
				223B819E293E0C1A00AB28D3 /* Agendatelefonica.app */,
			);
			name = Products;
			sourceTree = "<group>";
		};
		223B81A0293E0C1A00AB28D3 /* Agendatelefonica */ = {
			isa = PBXGroup;
			children = (
				223B81A1293E0C1A00AB28D3 /* AppDelegate.swift */,
				223B81A3293E0C1A00AB28D3 /* SceneDelegate.swift */,
				223B81A5293E0C1A00AB28D3 /* ViewController.swift */,
				223B81B8293E525300AB28D3 /* ListarContatoTableViewController.swift */,
				223B81A7293E0C1A00AB28D3 /* Main.storyboard */,
				223B81AD293E0C1C00AB28D3 /* Assets.xcassets */,
				223B81AF293E0C1C00AB28D3 /* LaunchScreen.storyboard */,
				223B81B2293E0C1C00AB28D3 /* Info.plist */,
				223B81AA293E0C1A00AB28D3 /* Agendatelefonica.xcdatamodeld */,
			);
			path = Agendatelefonica;
			sourceTree = "<group>";
		};
/* End PBXGroup section */

/* Begin PBXNativeTarget section */
		223B819D293E0C1A00AB28D3 /* Agendatelefonica */ = {
			isa = PBXNativeTarget;
			buildConfigurationList = 223B81B5293E0C1C00AB28D3 /* Build configuration list for PBXNativeTarget "Agendatelefonica" */;
			buildPhases = (
				223B819A293E0C1A00AB28D3 /* Sources */,
				223B819B293E0C1A00AB28D3 /* Frameworks */,
				223B819C293E0C1A00AB28D3 /* Resources */,
			);
			buildRules = (
			);
			dependencies = (
			);
			name = Agendatelefonica;
			productName = Agendatelefonica;
			productReference = 223B819E293E0C1A00AB28D3 /* Agendatelefonica.app */;
			productType = "com.apple.product-type.application";
		};
/* End PBXNativeTarget section */

/* Begin PBXProject section */
		223B8196293E0C1A00AB28D3 /* Project object */ = {
			isa = PBXProject;
			attributes = {
				BuildIndependentTargetsInParallel = 1;
				LastSwiftUpdateCheck = 1410;
				LastUpgradeCheck = 1410;
				TargetAttributes = {
					223B819D293E0C1A00AB28D3 = {
						CreatedOnToolsVersion = 14.1;
					};
				};
			};
			buildConfigurationList = 223B8199293E0C1A00AB28D3 /* Build configuration list for PBXProject "Agendatelefonica" */;
			compatibilityVersion = "Xcode 9.3";
			developmentRegion = en;
			hasScannedForEncodings = 0;
			knownRegions = (
				en,
				Base,
			);
			mainGroup = 223B8195293E0C1A00AB28D3;
			productRefGroup = 223B819F293E0C1A00AB28D3 /* Products */;
			projectDirPath = "";
			projectRoot = "";
			targets = (
				223B819D293E0C1A00AB28D3 /* Agendatelefonica */,
			);
		};
/* End PBXProject section */

/* Begin PBXResourcesBuildPhase section */
		223B819C293E0C1A00AB28D3 /* Resources */ = {
			isa = PBXResourcesBuildPhase;
			buildActionMask = 2147483647;
			files = (
				223B81B1293E0C1C00AB28D3 /* LaunchScreen.storyboard in Resources */,
				223B81AE293E0C1C00AB28D3 /* Assets.xcassets in Resources */,
				223B81A9293E0C1A00AB28D3 /* Main.storyboard in Resources */,
			);
			runOnlyForDeploymentPostprocessing = 0;
		};
/* End PBXResourcesBuildPhase section */

/* Begin PBXSourcesBuildPhase section */
		223B819A293E0C1A00AB28D3 /* Sources */ = {
			isa = PBXSourcesBuildPhase;
			buildActionMask = 2147483647;
			files = (
				223B81A6293E0C1A00AB28D3 /* ViewController.swift in Sources */,
				223B81A2293E0C1A00AB28D3 /* AppDelegate.swift in Sources */,
				223B81A4293E0C1A00AB28D3 /* SceneDelegate.swift in Sources */,
				223B81AC293E0C1A00AB28D3 /* Agendatelefonica.xcdatamodeld in Sources */,
				223B81B9293E525300AB28D3 /* ListarContatoTableViewController.swift in Sources */,
			);
			runOnlyForDeploymentPostprocessing = 0;
		};
/* End PBXSourcesBuildPhase section */

/* Begin PBXVariantGroup section */
		223B81A7293E0C1A00AB28D3 /* Main.storyboard */ = {
			isa = PBXVariantGroup;
			children = (
				223B81A8293E0C1A00AB28D3 /* Base */,
			);
			name = Main.storyboard;
			sourceTree = "<group>";
		};
		223B81AF293E0C1C00AB28D3 /* LaunchScreen.storyboard */ = {
			isa = PBXVariantGroup;
			children = (
				223B81B0293E0C1C00AB28D3 /* Base */,
			);
			name = LaunchScreen.storyboard;
			sourceTree = "<group>";
		};
/* End PBXVariantGroup section */

/* Begin XCBuildConfiguration section */
		223B81B3293E0C1C00AB28D3 /* Debug */ = {
			isa = XCBuildConfiguration;
			buildSettings = {
				ALWAYS_SEARCH_USER_PATHS = NO;
				CLANG_ANALYZER_NONNULL = YES;
				CLANG_ANALYZER_NUMBER_OBJECT_CONVERSION = YES_AGGRESSIVE;
				CLANG_CXX_LANGUAGE_STANDARD = "gnu++20";
				CLANG_ENABLE_MODULES = YES;
				CLANG_ENABLE_OBJC_ARC = YES;
				CLANG_ENABLE_OBJC_WEAK = YES;
				CLANG_WARN_BLOCK_CAPTURE_AUTORELEASING = YES;
				CLANG_WARN_BOOL_CONVERSION = YES;
				CLANG_WARN_COMMA = YES;
				CLANG_WARN_CONSTANT_CONVERSION = YES;
				CLANG_WARN_DEPRECATED_OBJC_IMPLEMENTATIONS = YES;
				CLANG_WARN_DIRECT_OBJC_ISA_USAGE = YES_ERROR;
				CLANG_WARN_DOCUMENTATION_COMMENTS = YES;
				CLANG_WARN_EMPTY_BODY = YES;
				CLANG_WARN_ENUM_CONVERSION = YES;
				CLANG_WARN_INFINITE_RECURSION = YES;
				CLANG_WARN_INT_CONVERSION = YES;
				CLANG_WARN_NON_LITERAL_NULL_CONVERSION = YES;
				CLANG_WARN_OBJC_IMPLICIT_RETAIN_SELF = YES;
				CLANG_WARN_OBJC_LITERAL_CONVERSION = YES;
				CLANG_WARN_OBJC_ROOT_CLASS = YES_ERROR;
				CLANG_WARN_QUOTED_INCLUDE_IN_FRAMEWORK_HEADER = YES;
				CLANG_WARN_RANGE_LOOP_ANALYSIS = YES;
				CLANG_WARN_STRICT_PROTOTYPES = YES;
				CLANG_WARN_SUSPICIOUS_MOVE = YES;
				CLANG_WARN_UNGUARDED_AVAILABILITY = YES_AGGRESSIVE;
				CLANG_WARN_UNREACHABLE_CODE = YES;
				CLANG_WARN__DUPLICATE_METHOD_MATCH = YES;
				COPY_PHASE_STRIP = NO;
				DEBUG_INFORMATION_FORMAT = dwarf;
				ENABLE_STRICT_OBJC_MSGSEND = YES;
				ENABLE_TESTABILITY = YES;
				GCC_C_LANGUAGE_STANDARD = gnu11;
				GCC_DYNAMIC_NO_PIC = NO;
				GCC_NO_COMMON_BLOCKS = YES;
				GCC_OPTIMIZATION_LEVEL = 0;
				GCC_PREPROCESSOR_DEFINITIONS = (
					"DEBUG=1",
					"$(inherited)",
				);
				GCC_WARN_64_TO_32_BIT_CONVERSION = YES;
				GCC_WARN_ABOUT_RETURN_TYPE = YES_ERROR;
				GCC_WARN_UNDECLARED_SELECTOR = YES;
				GCC_WARN_UNINITIALIZED_AUTOS = YES_AGGRESSIVE;
				GCC_WARN_UNUSED_FUNCTION = YES;
				GCC_WARN_UNUSED_VARIABLE = YES;
				IPHONEOS_DEPLOYMENT_TARGET = 16.1;
				MTL_ENABLE_DEBUG_INFO = INCLUDE_SOURCE;
				MTL_FAST_MATH = YES;
				ONLY_ACTIVE_ARCH = YES;
				SDKROOT = iphoneos;
				SWIFT_ACTIVE_COMPILATION_CONDITIONS = DEBUG;
				SWIFT_OPTIMIZATION_LEVEL = "-Onone";
			};
			name = Debug;
		};
		223B81B4293E0C1C00AB28D3 /* Release */ = {
			isa = XCBuildConfiguration;
			buildSettings = {
				ALWAYS_SEARCH_USER_PATHS = NO;
				CLANG_ANALYZER_NONNULL = YES;
				CLANG_ANALYZER_NUMBER_OBJECT_CONVERSION = YES_AGGRESSIVE;
				CLANG_CXX_LANGUAGE_STANDARD = "gnu++20";
				CLANG_ENABLE_MODULES = YES;
				CLANG_ENABLE_OBJC_ARC = YES;
				CLANG_ENABLE_OBJC_WEAK = YES;
				CLANG_WARN_BLOCK_CAPTURE_AUTORELEASING = YES;
				CLANG_WARN_BOOL_CONVERSION = YES;
				CLANG_WARN_COMMA = YES;
				CLANG_WARN_CONSTANT_CONVERSION = YES;
				CLANG_WARN_DEPRECATED_OBJC_IMPLEMENTATIONS = YES;
				CLANG_WARN_DIRECT_OBJC_ISA_USAGE = YES_ERROR;
				CLANG_WARN_DOCUMENTATION_COMMENTS = YES;
				CLANG_WARN_EMPTY_BODY = YES;
				CLANG_WARN_ENUM_CONVERSION = YES;
				CLANG_WARN_INFINITE_RECURSION = YES;
				CLANG_WARN_INT_CONVERSION = YES;
				CLANG_WARN_NON_LITERAL_NULL_CONVERSION = YES;
				CLANG_WARN_OBJC_IMPLICIT_RETAIN_SELF = YES;
				CLANG_WARN_OBJC_LITERAL_CONVERSION = YES;
				CLANG_WARN_OBJC_ROOT_CLASS = YES_ERROR;
				CLANG_WARN_QUOTED_INCLUDE_IN_FRAMEWORK_HEADER = YES;
				CLANG_WARN_RANGE_LOOP_ANALYSIS = YES;
				CLANG_WARN_STRICT_PROTOTYPES = YES;
				CLANG_WARN_SUSPICIOUS_MOVE = YES;
				CLANG_WARN_UNGUARDED_AVAILABILITY = YES_AGGRESSIVE;
				CLANG_WARN_UNREACHABLE_CODE = YES;
				CLANG_WARN__DUPLICATE_METHOD_MATCH = YES;
				COPY_PHASE_STRIP = NO;
				DEBUG_INFORMATION_FORMAT = "dwarf-with-dsym";
				ENABLE_NS_ASSERTIONS = NO;
				ENABLE_STRICT_OBJC_MSGSEND = YES;
				GCC_C_LANGUAGE_STANDARD = gnu11;
				GCC_NO_COMMON_BLOCKS = YES;
				GCC_WARN_64_TO_32_BIT_CONVERSION = YES;
				GCC_WARN_ABOUT_RETURN_TYPE = YES_ERROR;
				GCC_WARN_UNDECLARED_SELECTOR = YES;
				GCC_WARN_UNINITIALIZED_AUTOS = YES_AGGRESSIVE;
				GCC_WARN_UNUSED_FUNCTION = YES;
				GCC_WARN_UNUSED_VARIABLE = YES;
				IPHONEOS_DEPLOYMENT_TARGET = 16.1;
				MTL_ENABLE_DEBUG_INFO = NO;
				MTL_FAST_MATH = YES;
				SDKROOT = iphoneos;
				SWIFT_COMPILATION_MODE = wholemodule;
				SWIFT_OPTIMIZATION_LEVEL = "-O";
				VALIDATE_PRODUCT = YES;
			};
			name = Release;
		};
		223B81B6293E0C1C00AB28D3 /* Debug */ = {
			isa = XCBuildConfiguration;
			buildSettings = {
				ASSETCATALOG_COMPILER_APPICON_NAME = AppIcon;
				ASSETCATALOG_COMPILER_GLOBAL_ACCENT_COLOR_NAME = AccentColor;
				CODE_SIGN_STYLE = Automatic;
				CURRENT_PROJECT_VERSION = 1;
				DEVELOPMENT_TEAM = 838PHD3FZ3;
				GENERATE_INFOPLIST_FILE = YES;
				INFOPLIST_FILE = Agendatelefonica/Info.plist;
				INFOPLIST_KEY_UIApplicationSupportsIndirectInputEvents = YES;
				INFOPLIST_KEY_UILaunchStoryboardName = LaunchScreen;
				INFOPLIST_KEY_UIMainStoryboardFile = Main;
				INFOPLIST_KEY_UISupportedInterfaceOrientations = UIInterfaceOrientationPortrait;
				IPHONEOS_DEPLOYMENT_TARGET = 14.2;
				LD_RUNPATH_SEARCH_PATHS = (
					"$(inherited)",
					"@executable_path/Frameworks",
				);
				MARKETING_VERSION = 1.0;
				PRODUCT_BUNDLE_IDENTIFIER = br.edu.ifsp.agendatelefonica.Agendatelefonica;
				PRODUCT_NAME = "$(TARGET_NAME)";
				SUPPORTED_PLATFORMS = "iphoneos iphonesimulator";
				SUPPORTS_MACCATALYST = NO;
				SUPPORTS_MAC_DESIGNED_FOR_IPHONE_IPAD = NO;
				SWIFT_EMIT_LOC_STRINGS = YES;
				SWIFT_VERSION = 5.0;
				TARGETED_DEVICE_FAMILY = "1,2";
			};
			name = Debug;
		};
		223B81B7293E0C1C00AB28D3 /* Release */ = {
			isa = XCBuildConfiguration;
			buildSettings = {
				ASSETCATALOG_COMPILER_APPICON_NAME = AppIcon;
				ASSETCATALOG_COMPILER_GLOBAL_ACCENT_COLOR_NAME = AccentColor;
				CODE_SIGN_STYLE = Automatic;
				CURRENT_PROJECT_VERSION = 1;
				DEVELOPMENT_TEAM = 838PHD3FZ3;
				GENERATE_INFOPLIST_FILE = YES;
				INFOPLIST_FILE = Agendatelefonica/Info.plist;
				INFOPLIST_KEY_UIApplicationSupportsIndirectInputEvents = YES;
				INFOPLIST_KEY_UILaunchStoryboardName = LaunchScreen;
				INFOPLIST_KEY_UIMainStoryboardFile = Main;
				INFOPLIST_KEY_UISupportedInterfaceOrientations = UIInterfaceOrientationPortrait;
				IPHONEOS_DEPLOYMENT_TARGET = 14.2;
				LD_RUNPATH_SEARCH_PATHS = (
					"$(inherited)",
					"@executable_path/Frameworks",
				);
				MARKETING_VERSION = 1.0;
				PRODUCT_BUNDLE_IDENTIFIER = br.edu.ifsp.agendatelefonica.Agendatelefonica;
				PRODUCT_NAME = "$(TARGET_NAME)";
				SUPPORTED_PLATFORMS = "iphoneos iphonesimulator";
				SUPPORTS_MACCATALYST = NO;
				SUPPORTS_MAC_DESIGNED_FOR_IPHONE_IPAD = NO;
				SWIFT_EMIT_LOC_STRINGS = YES;
				SWIFT_VERSION = 5.0;
				TARGETED_DEVICE_FAMILY = "1,2";
			};
			name = Release;
		};
/* End XCBuildConfiguration section */

/* Begin XCConfigurationList section */
		223B8199293E0C1A00AB28D3 /* Build configuration list for PBXProject "Agendatelefonica" */ = {
			isa = XCConfigurationList;
			buildConfigurations = (
				223B81B3293E0C1C00AB28D3 /* Debug */,
				223B81B4293E0C1C00AB28D3 /* Release */,
			);
			defaultConfigurationIsVisible = 0;
			defaultConfigurationName = Release;
		};
		223B81B5293E0C1C00AB28D3 /* Build configuration list for PBXNativeTarget "Agendatelefonica" */ = {
			isa = XCConfigurationList;
			buildConfigurations = (
				223B81B6293E0C1C00AB28D3 /* Debug */,
				223B81B7293E0C1C00AB28D3 /* Release */,
			);
			defaultConfigurationIsVisible = 0;
			defaultConfigurationName = Release;
		};
/* End XCConfigurationList section */

/* Begin XCVersionGroup section */
		223B81AA293E0C1A00AB28D3 /* Agendatelefonica.xcdatamodeld */ = {
			isa = XCVersionGroup;
			children = (
				223B81AB293E0C1A00AB28D3 /* Agendatelefonica.xcdatamodel */,
			);
			currentVersion = 223B81AB293E0C1A00AB28D3 /* Agendatelefonica.xcdatamodel */;
			path = Agendatelefonica.xcdatamodeld;
			sourceTree = "<group>";
			versionGroupType = wrapper.xcdatamodel;
		};
/* End XCVersionGroup section */
	};
	rootObject = 223B8196293E0C1A00AB28D3 /* Project object */;
}
